
Microsoft Visual Studio Solution File, Format Version 12.00
# Visual Studio Version 17
VisualStudioVersion = 17.13.35806.99 d17.13
MinimumVisualStudioVersion = 10.0.40219.1
Project("{FAE04EC0-301F-11D3-BF4B-00C04F79EFBC}") = "IdentityPractice", "IdentityPractice\IdentityPractice.csproj", "{F57AC177-E7B2-4821-B582-B9333A4E3B6A}"
EndProject
Project("{FAE04EC0-301F-11D3-BF4B-00C04F79EFBC}") = "Persian transation", "Persian transation\Persian transation.csproj", "{866DB473-2AE1-448C-92FD-165AF7706DE0}"
EndProject
Global
	GlobalSection(SolutionConfigurationPlatforms) = preSolution
		Debug|Any CPU = Debug|Any CPU
		Release|Any CPU = Release|Any CPU
	EndGlobalSection
	GlobalSection(ProjectConfigurationPlatforms) = postSolution
		{F57AC177-E7B2-4821-B582-B9333A4E3B6A}.Debug|Any CPU.ActiveCfg = Debug|Any CPU
		{F57AC177-E7B2-4821-B582-B9333A4E3B6A}.Debug|Any CPU.Build.0 = Debug|Any CPU
		{F57AC177-E7B2-4821-B582-B9333A4E3B6A}.Release|Any CPU.ActiveCfg = Release|Any CPU
		{F57AC177-E7B2-4821-B582-B9333A4E3B6A}.Release|Any CPU.Build.0 = Release|Any CPU
		{866DB473-2AE1-448C-92FD-165AF7706DE0}.Debug|Any CPU.ActiveCfg = Debug|Any CPU
		{866DB473-2AE1-448C-92FD-165AF7706DE0}.Debug|Any CPU.Build.0 = Debug|Any CPU
		{866DB473-2AE1-448C-92FD-165AF7706DE0}.Release|Any CPU.ActiveCfg = Release|Any CPU
		{866DB473-2AE1-448C-92FD-165AF7706DE0}.Release|Any CPU.Build.0 = Release|Any CPU
	EndGlobalSection
	GlobalSection(SolutionProperties) = preSolution
		HideSolutionNode = FALSE
	EndGlobalSection
	GlobalSection(ExtensibilityGlobals) = postSolution
		SolutionGuid = {7121FAE5-B5BE-45C8-A8DF-BE3A30904ECA}
	EndGlobalSection
EndGlobal
